# THIS IS AN AUTOGENERATED FILE. DO NOT EDIT THIS FILE DIRECTLY.
# yarn lockfile v1


"@ravorona/eslint-config@^1.3.1":
  version "1.3.1"
  resolved "https://registry.yarnpkg.com/@ravorona/eslint-config/-/eslint-config-1.3.1.tgz#11d1ea655e1bff0726fdaac828260de59c80b87f"
  integrity sha512-FVh1dHYY6NgAUgDmv8PRQi73tqYQDP91ak8Wbmmq90pTMnqgx3wo2uni3JZZCIhPnzW525RRN6ix/h9OjAuI9g==
