# THIS IS AN AUTOGENERATED FILE. DO NOT EDIT THIS FILE DIRECTLY.
# yarn lockfile v1


"@ravorona/eslint-config@^4.3.0":
  version "4.3.0"
  resolved "https://registry.yarnpkg.com/@ravorona/eslint-config/-/eslint-config-4.3.0.tgz#967e07e905285f83fbcf90260d98644b02ba9a47"
  integrity sha512-wGeibwHn3lkK1irJG9u+i6wyWaKy7DGHu+5eUrpZV6DS+dZ9mzdywYy4Nba07u7OxTNLmC9ZTMURJsB/md8I+w==

prettier@^3.2.5:
  version "3.2.5"
  resolved "https://registry.yarnpkg.com/prettier/-/prettier-3.2.5.tgz#e52bc3090586e824964a8813b09aba6233b28368"
  integrity sha512-3/GWa9aOC0YeD7LUfvOG2NiDyhOWRvt1k+rcKhOuYnMY24iiCphgneUfJDyFXd6rZCAnuLBv6UeAULtrhT/F4A==
