# THIS IS AN AUTOGENERATED FILE. DO NOT EDIT THIS FILE DIRECTLY.
# yarn lockfile v1


"@ravorona/eslint-config@^4.3.1":
  version "4.3.1"
  resolved "https://registry.yarnpkg.com/@ravorona/eslint-config/-/eslint-config-4.3.1.tgz#ef1d78209a5044925f053d93427cf05b2d811af9"
  integrity sha512-stkd7Ks6wG4ecMGP9B8VtG/2ptGBPlFw7OkMk/jGFXrSBBSSMZId38CfZuHHJihZEJ3INApmQQAOaW6qTzT1uQ==

prettier@^3.2.5:
  version "3.2.5"
  resolved "https://registry.yarnpkg.com/prettier/-/prettier-3.2.5.tgz#e52bc3090586e824964a8813b09aba6233b28368"
  integrity sha512-3/GWa9aOC0YeD7LUfvOG2NiDyhOWRvt1k+rcKhOuYnMY24iiCphgneUfJDyFXd6rZCAnuLBv6UeAULtrhT/F4A==
